
Microsoft Visual Studio Solution File, Format Version 12.00
# Visual Studio Version 16
VisualStudioVersion = 16.0.29519.181
MinimumVisualStudioVersion = 10.0.40219.1
Project("{FAE04EC0-301F-11D3-BF4B-00C04F79EFBC}") = "DirtyEpdDataApi", "DirtyEpdDataApi\DirtyEpdDataApi.csproj", "{0E916254-90D0-4176-9F5D-F81779B46058}"
EndProject
Global
	GlobalSection(SolutionConfigurationPlatforms) = preSolution
		Debug|Any CPU = Debug|Any CPU
		Release|Any CPU = Release|Any CPU
	EndGlobalSection
	GlobalSection(ProjectConfigurationPlatforms) = postSolution
		{0E916254-90D0-4176-9F5D-F81779B46058}.Debug|Any CPU.ActiveCfg = Debug|Any CPU
		{0E916254-90D0-4176-9F5D-F81779B46058}.Debug|Any CPU.Build.0 = Debug|Any CPU
		{0E916254-90D0-4176-9F5D-F81779B46058}.Release|Any CPU.ActiveCfg = Release|Any CPU
		{0E916254-90D0-4176-9F5D-F81779B46058}.Release|Any CPU.Build.0 = Release|Any CPU
	EndGlobalSection
	GlobalSection(SolutionProperties) = preSolution
		HideSolutionNode = FALSE
	EndGlobalSection
	GlobalSection(ExtensibilityGlobals) = postSolution
		SolutionGuid = {262E0473-35C8-440C-BA27-15B7E4F7BA4B}
	EndGlobalSection
EndGlobal
